
Microsoft Visual Studio Solution File, Format Version 12.00
# Visual Studio Version 17
VisualStudioVersion = 17.9.34701.34
MinimumVisualStudioVersion = 10.0.40219.1
Project("{FAE04EC0-301F-11D3-BF4B-00C04F79EFBC}") = "GrundlagenIFundELSE", "GrundlagenIFundELSE\GrundlagenIFundELSE.csproj", "{4F0D235A-45A8-4CFE-B5FC-1F1C16E2B760}"
EndProject
Global
	GlobalSection(SolutionConfigurationPlatforms) = preSolution
		Debug|Any CPU = Debug|Any CPU
		Release|Any CPU = Release|Any CPU
	EndGlobalSection
	GlobalSection(ProjectConfigurationPlatforms) = postSolution
		{4F0D235A-45A8-4CFE-B5FC-1F1C16E2B760}.Debug|Any CPU.ActiveCfg = Debug|Any CPU
		{4F0D235A-45A8-4CFE-B5FC-1F1C16E2B760}.Debug|Any CPU.Build.0 = Debug|Any CPU
		{4F0D235A-45A8-4CFE-B5FC-1F1C16E2B760}.Release|Any CPU.ActiveCfg = Release|Any CPU
		{4F0D235A-45A8-4CFE-B5FC-1F1C16E2B760}.Release|Any CPU.Build.0 = Release|Any CPU
	EndGlobalSection
	GlobalSection(SolutionProperties) = preSolution
		HideSolutionNode = FALSE
	EndGlobalSection
	GlobalSection(ExtensibilityGlobals) = postSolution
		SolutionGuid = {D9D319A4-B841-444A-AE77-F70B3FB71048}
	EndGlobalSection
EndGlobal
